
Microsoft Visual Studio Solution File, Format Version 12.00
# Visual Studio Version 17
VisualStudioVersion = 17.0.31903.59
MinimumVisualStudioVersion = 10.0.40219.1
Project("{2150E333-8FDC-42A3-9474-1A3956D46DE8}") = "src", "src", "{1414041D-EC3B-4B26-B6F9-9461477562DC}"
EndProject
Project("{FAE04EC0-301F-11D3-BF4B-00C04F79EFBC}") = "ParallelSeat.Core", "src\ParallelSeat.Core\ParallelSeat.Core.csproj", "{D505B57B-AAF4-4BA4-8FD0-9A82A6A7BF26}"
EndProject
Project("{FAE04EC0-301F-11D3-BF4B-00C04F79EFBC}") = "ParallelSeat.Protocol", "src\ParallelSeat.Protocol\ParallelSeat.Protocol.csproj", "{5D33E4A5-2910-4ED1-859D-F531295B9EA7}"
EndProject
Project("{FAE04EC0-301F-11D3-BF4B-00C04F79EFBC}") = "ParallelSeat.Ipc", "src\ParallelSeat.Ipc\ParallelSeat.Ipc.csproj", "{FE17B63B-37D9-429F-B241-6A3809C56EBF}"
EndProject
Project("{FAE04EC0-301F-11D3-BF4B-00C04F79EFBC}") = "ParallelSeat.Windows", "src\ParallelSeat.Windows\ParallelSeat.Windows.csproj", "{07138B6E-A5DA-4B63-893C-6BE71A95F09A}"
EndProject
Project("{FAE04EC0-301F-11D3-BF4B-00C04F79EFBC}") = "ParallelSeat.Automation", "src\ParallelSeat.Automation\ParallelSeat.Automation.csproj", "{5D632AFD-8A92-4750-B968-62C47889E65D}"
EndProject
Project("{FAE04EC0-301F-11D3-BF4B-00C04F79EFBC}") = "ParallelSeat.Win32Provider", "src\ParallelSeat.Win32Provider\ParallelSeat.Win32Provider.csproj", "{4CE00578-7189-49B0-BEC4-B495CC11ABDD}"
EndProject
Project("{FAE04EC0-301F-11D3-BF4B-00C04F79EFBC}") = "ParallelSeat.Overlay", "src\ParallelSeat.Overlay\ParallelSeat.Overlay.csproj", "{B5496AD8-8BB8-4325-8590-70D4905F7BEE}"
EndProject
Project("{FAE04EC0-301F-11D3-BF4B-00C04F79EFBC}") = "ParallelSeat.Host", "src\ParallelSeat.Host\ParallelSeat.Host.csproj", "{0BE8FB72-3885-4B53-954D-8007F26F7C5F}"
EndProject
Project("{FAE04EC0-301F-11D3-BF4B-00C04F79EFBC}") = "ParallelSeat.Cli", "src\ParallelSeat.Cli\ParallelSeat.Cli.csproj", "{8D770820-1F00-4FB3-862F-348C29B769BC}"
EndProject
Project("{FAE04EC0-301F-11D3-BF4B-00C04F79EFBC}") = "ParallelSeat.TestHarness", "src\ParallelSeat.TestHarness\ParallelSeat.TestHarness.csproj", "{13C64A53-13D1-4CBF-B3C6-E50A88105E52}"
EndProject
Project("{FAE04EC0-301F-11D3-BF4B-00C04F79EFBC}") = "ParallelSeat.CompatibilityProbe", "src\ParallelSeat.CompatibilityProbe\ParallelSeat.CompatibilityProbe.csproj", "{DF295F94-7DEB-4893-A259-8E1192520314}"
EndProject
Project("{2150E333-8FDC-42A3-9474-1A3956D46DE8}") = "adapters", "adapters", "{248BB0A9-CFE2-498C-B7D3-AA2BA94737E2}"
EndProject
Project("{FAE04EC0-301F-11D3-BF4B-00C04F79EFBC}") = "ParallelSeat.Adapters.Abstractions", "adapters\ParallelSeat.Adapters.Abstractions\ParallelSeat.Adapters.Abstractions.csproj", "{594E62D2-CC19-4F2A-B7E9-D258FDDBC0D7}"
EndProject
Project("{2150E333-8FDC-42A3-9474-1A3956D46DE8}") = "tests", "tests", "{82C4FDB5-A2C0-42AE-B2C9-2AC9461A2DF8}"
EndProject
Project("{FAE04EC0-301F-11D3-BF4B-00C04F79EFBC}") = "ParallelSeat.UnitTests", "tests\ParallelSeat.UnitTests\ParallelSeat.UnitTests.csproj", "{8E77EDC6-5CF4-4DFE-98F5-6C22A335FC07}"
EndProject
Project("{FAE04EC0-301F-11D3-BF4B-00C04F79EFBC}") = "ParallelSeat.IntegrationTests", "tests\ParallelSeat.IntegrationTests\ParallelSeat.IntegrationTests.csproj", "{0363288D-DD4C-41FC-8554-693DAA3012B6}"
EndProject
Project("{FAE04EC0-301F-11D3-BF4B-00C04F79EFBC}") = "ParallelSeat.UiTests", "tests\ParallelSeat.UiTests\ParallelSeat.UiTests.csproj", "{4AB82344-9782-4FCD-BEDE-4844FE62347C}"
EndProject
Project("{FAE04EC0-301F-11D3-BF4B-00C04F79EFBC}") = "ParallelSeat.CompatibilityTests", "tests\ParallelSeat.CompatibilityTests\ParallelSeat.CompatibilityTests.csproj", "{8F79D72C-4409-4C88-B361-CA0048EFE917}"
EndProject
Project("{FAE04EC0-301F-11D3-BF4B-00C04F79EFBC}") = "ParallelSeat.SafetyTests", "tests\ParallelSeat.SafetyTests\ParallelSeat.SafetyTests.csproj", "{48861525-293D-4973-BCCD-5F0EB3A759E8}"
EndProject
Project("{FAE04EC0-301F-11D3-BF4B-00C04F79EFBC}") = "ParallelSeat.SoakTests", "tests\ParallelSeat.SoakTests\ParallelSeat.SoakTests.csproj", "{6B01885D-9E74-4C71-8240-03770430B205}"
EndProject
Project("{2150E333-8FDC-42A3-9474-1A3956D46DE8}") = "experiments", "experiments", "{AB36234E-67E7-4523-A189-B7A59CB0E2E9}"
EndProject
Project("{FAE04EC0-301F-11D3-BF4B-00C04F79EFBC}") = "ParallelSeat.NotepadExperiment", "experiments\ParallelSeat.NotepadExperiment\ParallelSeat.NotepadExperiment.csproj", "{A1D8324F-74BB-4281-8247-064AEBA1AA2D}"
EndProject
Global
	GlobalSection(SolutionConfigurationPlatforms) = preSolution
		Debug|Any CPU = Debug|Any CPU
		Release|Any CPU = Release|Any CPU
	EndGlobalSection
	GlobalSection(SolutionProperties) = preSolution
		HideSolutionNode = FALSE
	EndGlobalSection
	GlobalSection(ProjectConfigurationPlatforms) = postSolution
		{D505B57B-AAF4-4BA4-8FD0-9A82A6A7BF26}.Debug|Any CPU.ActiveCfg = Debug|Any CPU
		{D505B57B-AAF4-4BA4-8FD0-9A82A6A7BF26}.Debug|Any CPU.Build.0 = Debug|Any CPU
		{D505B57B-AAF4-4BA4-8FD0-9A82A6A7BF26}.Release|Any CPU.ActiveCfg = Release|Any CPU
		{D505B57B-AAF4-4BA4-8FD0-9A82A6A7BF26}.Release|Any CPU.Build.0 = Release|Any CPU
		{5D33E4A5-2910-4ED1-859D-F531295B9EA7}.Debug|Any CPU.ActiveCfg = Debug|Any CPU
		{5D33E4A5-2910-4ED1-859D-F531295B9EA7}.Debug|Any CPU.Build.0 = Debug|Any CPU
		{5D33E4A5-2910-4ED1-859D-F531295B9EA7}.Release|Any CPU.ActiveCfg = Release|Any CPU
		{5D33E4A5-2910-4ED1-859D-F531295B9EA7}.Release|Any CPU.Build.0 = Release|Any CPU
		{FE17B63B-37D9-429F-B241-6A3809C56EBF}.Debug|Any CPU.ActiveCfg = Debug|Any CPU
		{FE17B63B-37D9-429F-B241-6A3809C56EBF}.Debug|Any CPU.Build.0 = Debug|Any CPU
		{FE17B63B-37D9-429F-B241-6A3809C56EBF}.Release|Any CPU.ActiveCfg = Release|Any CPU
		{FE17B63B-37D9-429F-B241-6A3809C56EBF}.Release|Any CPU.Build.0 = Release|Any CPU
		{07138B6E-A5DA-4B63-893C-6BE71A95F09A}.Debug|Any CPU.ActiveCfg = Debug|Any CPU
		{07138B6E-A5DA-4B63-893C-6BE71A95F09A}.Debug|Any CPU.Build.0 = Debug|Any CPU
		{07138B6E-A5DA-4B63-893C-6BE71A95F09A}.Release|Any CPU.ActiveCfg = Release|Any CPU
		{07138B6E-A5DA-4B63-893C-6BE71A95F09A}.Release|Any CPU.Build.0 = Release|Any CPU
		{5D632AFD-8A92-4750-B968-62C47889E65D}.Debug|Any CPU.ActiveCfg = Debug|Any CPU
		{5D632AFD-8A92-4750-B968-62C47889E65D}.Debug|Any CPU.Build.0 = Debug|Any CPU
		{5D632AFD-8A92-4750-B968-62C47889E65D}.Release|Any CPU.ActiveCfg = Release|Any CPU
		{5D632AFD-8A92-4750-B968-62C47889E65D}.Release|Any CPU.Build.0 = Release|Any CPU
		{4CE00578-7189-49B0-BEC4-B495CC11ABDD}.Debug|Any CPU.ActiveCfg = Debug|Any CPU
		{4CE00578-7189-49B0-BEC4-B495CC11ABDD}.Debug|Any CPU.Build.0 = Debug|Any CPU
		{4CE00578-7189-49B0-BEC4-B495CC11ABDD}.Release|Any CPU.ActiveCfg = Release|Any CPU
		{4CE00578-7189-49B0-BEC4-B495CC11ABDD}.Release|Any CPU.Build.0 = Release|Any CPU
		{B5496AD8-8BB8-4325-8590-70D4905F7BEE}.Debug|Any CPU.ActiveCfg = Debug|Any CPU
		{B5496AD8-8BB8-4325-8590-70D4905F7BEE}.Debug|Any CPU.Build.0 = Debug|Any CPU
		{B5496AD8-8BB8-4325-8590-70D4905F7BEE}.Release|Any CPU.ActiveCfg = Release|Any CPU
		{B5496AD8-8BB8-4325-8590-70D4905F7BEE}.Release|Any CPU.Build.0 = Release|Any CPU
		{0BE8FB72-3885-4B53-954D-8007F26F7C5F}.Debug|Any CPU.ActiveCfg = Debug|Any CPU
		{0BE8FB72-3885-4B53-954D-8007F26F7C5F}.Debug|Any CPU.Build.0 = Debug|Any CPU
		{0BE8FB72-3885-4B53-954D-8007F26F7C5F}.Release|Any CPU.ActiveCfg = Release|Any CPU
		{0BE8FB72-3885-4B53-954D-8007F26F7C5F}.Release|Any CPU.Build.0 = Release|Any CPU
		{8D770820-1F00-4FB3-862F-348C29B769BC}.Debug|Any CPU.ActiveCfg = Debug|Any CPU
		{8D770820-1F00-4FB3-862F-348C29B769BC}.Debug|Any CPU.Build.0 = Debug|Any CPU
		{8D770820-1F00-4FB3-862F-348C29B769BC}.Release|Any CPU.ActiveCfg = Release|Any CPU
		{8D770820-1F00-4FB3-862F-348C29B769BC}.Release|Any CPU.Build.0 = Release|Any CPU
		{13C64A53-13D1-4CBF-B3C6-E50A88105E52}.Debug|Any CPU.ActiveCfg = Debug|Any CPU
		{13C64A53-13D1-4CBF-B3C6-E50A88105E52}.Debug|Any CPU.Build.0 = Debug|Any CPU
		{13C64A53-13D1-4CBF-B3C6-E50A88105E52}.Release|Any CPU.ActiveCfg = Release|Any CPU
		{13C64A53-13D1-4CBF-B3C6-E50A88105E52}.Release|Any CPU.Build.0 = Release|Any CPU
		{DF295F94-7DEB-4893-A259-8E1192520314}.Debug|Any CPU.ActiveCfg = Debug|Any CPU
		{DF295F94-7DEB-4893-A259-8E1192520314}.Debug|Any CPU.Build.0 = Debug|Any CPU
		{DF295F94-7DEB-4893-A259-8E1192520314}.Release|Any CPU.ActiveCfg = Release|Any CPU
		{DF295F94-7DEB-4893-A259-8E1192520314}.Release|Any CPU.Build.0 = Release|Any CPU
		{594E62D2-CC19-4F2A-B7E9-D258FDDBC0D7}.Debug|Any CPU.ActiveCfg = Debug|Any CPU
		{594E62D2-CC19-4F2A-B7E9-D258FDDBC0D7}.Debug|Any CPU.Build.0 = Debug|Any CPU
		{594E62D2-CC19-4F2A-B7E9-D258FDDBC0D7}.Release|Any CPU.ActiveCfg = Release|Any CPU
		{594E62D2-CC19-4F2A-B7E9-D258FDDBC0D7}.Release|Any CPU.Build.0 = Release|Any CPU
		{8E77EDC6-5CF4-4DFE-98F5-6C22A335FC07}.Debug|Any CPU.ActiveCfg = Debug|Any CPU
		{8E77EDC6-5CF4-4DFE-98F5-6C22A335FC07}.Debug|Any CPU.Build.0 = Debug|Any CPU
		{8E77EDC6-5CF4-4DFE-98F5-6C22A335FC07}.Release|Any CPU.ActiveCfg = Release|Any CPU
		{8E77EDC6-5CF4-4DFE-98F5-6C22A335FC07}.Release|Any CPU.Build.0 = Release|Any CPU
		{0363288D-DD4C-41FC-8554-693DAA3012B6}.Debug|Any CPU.ActiveCfg = Debug|Any CPU
		{0363288D-DD4C-41FC-8554-693DAA3012B6}.Debug|Any CPU.Build.0 = Debug|Any CPU
		{0363288D-DD4C-41FC-8554-693DAA3012B6}.Release|Any CPU.ActiveCfg = Release|Any CPU
		{0363288D-DD4C-41FC-8554-693DAA3012B6}.Release|Any CPU.Build.0 = Release|Any CPU
		{4AB82344-9782-4FCD-BEDE-4844FE62347C}.Debug|Any CPU.ActiveCfg = Debug|Any CPU
		{4AB82344-9782-4FCD-BEDE-4844FE62347C}.Debug|Any CPU.Build.0 = Debug|Any CPU
		{4AB82344-9782-4FCD-BEDE-4844FE62347C}.Release|Any CPU.ActiveCfg = Release|Any CPU
		{4AB82344-9782-4FCD-BEDE-4844FE62347C}.Release|Any CPU.Build.0 = Release|Any CPU
		{8F79D72C-4409-4C88-B361-CA0048EFE917}.Debug|Any CPU.ActiveCfg = Debug|Any CPU
		{8F79D72C-4409-4C88-B361-CA0048EFE917}.Debug|Any CPU.Build.0 = Debug|Any CPU
		{8F79D72C-4409-4C88-B361-CA0048EFE917}.Release|Any CPU.ActiveCfg = Release|Any CPU
		{8F79D72C-4409-4C88-B361-CA0048EFE917}.Release|Any CPU.Build.0 = Release|Any CPU
		{48861525-293D-4973-BCCD-5F0EB3A759E8}.Debug|Any CPU.ActiveCfg = Debug|Any CPU
		{48861525-293D-4973-BCCD-5F0EB3A759E8}.Debug|Any CPU.Build.0 = Debug|Any CPU
		{48861525-293D-4973-BCCD-5F0EB3A759E8}.Release|Any CPU.ActiveCfg = Release|Any CPU
		{48861525-293D-4973-BCCD-5F0EB3A759E8}.Release|Any CPU.Build.0 = Release|Any CPU
		{6B01885D-9E74-4C71-8240-03770430B205}.Debug|Any CPU.ActiveCfg = Debug|Any CPU
		{6B01885D-9E74-4C71-8240-03770430B205}.Debug|Any CPU.Build.0 = Debug|Any CPU
		{6B01885D-9E74-4C71-8240-03770430B205}.Release|Any CPU.ActiveCfg = Release|Any CPU
		{6B01885D-9E74-4C71-8240-03770430B205}.Release|Any CPU.Build.0 = Release|Any CPU
		{A1D8324F-74BB-4281-8247-064AEBA1AA2D}.Debug|Any CPU.ActiveCfg = Debug|Any CPU
		{A1D8324F-74BB-4281-8247-064AEBA1AA2D}.Debug|Any CPU.Build.0 = Debug|Any CPU
		{A1D8324F-74BB-4281-8247-064AEBA1AA2D}.Release|Any CPU.ActiveCfg = Release|Any CPU
		{A1D8324F-74BB-4281-8247-064AEBA1AA2D}.Release|Any CPU.Build.0 = Release|Any CPU
	EndGlobalSection
	GlobalSection(NestedProjects) = preSolution
		{D505B57B-AAF4-4BA4-8FD0-9A82A6A7BF26} = {1414041D-EC3B-4B26-B6F9-9461477562DC}
		{5D33E4A5-2910-4ED1-859D-F531295B9EA7} = {1414041D-EC3B-4B26-B6F9-9461477562DC}
		{FE17B63B-37D9-429F-B241-6A3809C56EBF} = {1414041D-EC3B-4B26-B6F9-9461477562DC}
		{07138B6E-A5DA-4B63-893C-6BE71A95F09A} = {1414041D-EC3B-4B26-B6F9-9461477562DC}
		{5D632AFD-8A92-4750-B968-62C47889E65D} = {1414041D-EC3B-4B26-B6F9-9461477562DC}
		{4CE00578-7189-49B0-BEC4-B495CC11ABDD} = {1414041D-EC3B-4B26-B6F9-9461477562DC}
		{B5496AD8-8BB8-4325-8590-70D4905F7BEE} = {1414041D-EC3B-4B26-B6F9-9461477562DC}
		{0BE8FB72-3885-4B53-954D-8007F26F7C5F} = {1414041D-EC3B-4B26-B6F9-9461477562DC}
		{8D770820-1F00-4FB3-862F-348C29B769BC} = {1414041D-EC3B-4B26-B6F9-9461477562DC}
		{13C64A53-13D1-4CBF-B3C6-E50A88105E52} = {1414041D-EC3B-4B26-B6F9-9461477562DC}
		{DF295F94-7DEB-4893-A259-8E1192520314} = {1414041D-EC3B-4B26-B6F9-9461477562DC}
		{594E62D2-CC19-4F2A-B7E9-D258FDDBC0D7} = {248BB0A9-CFE2-498C-B7D3-AA2BA94737E2}
		{8E77EDC6-5CF4-4DFE-98F5-6C22A335FC07} = {82C4FDB5-A2C0-42AE-B2C9-2AC9461A2DF8}
		{0363288D-DD4C-41FC-8554-693DAA3012B6} = {82C4FDB5-A2C0-42AE-B2C9-2AC9461A2DF8}
		{4AB82344-9782-4FCD-BEDE-4844FE62347C} = {82C4FDB5-A2C0-42AE-B2C9-2AC9461A2DF8}
		{8F79D72C-4409-4C88-B361-CA0048EFE917} = {82C4FDB5-A2C0-42AE-B2C9-2AC9461A2DF8}
		{48861525-293D-4973-BCCD-5F0EB3A759E8} = {82C4FDB5-A2C0-42AE-B2C9-2AC9461A2DF8}
		{6B01885D-9E74-4C71-8240-03770430B205} = {82C4FDB5-A2C0-42AE-B2C9-2AC9461A2DF8}
		{A1D8324F-74BB-4281-8247-064AEBA1AA2D} = {AB36234E-67E7-4523-A189-B7A59CB0E2E9}
	EndGlobalSection
EndGlobal
